
Microsoft Visual Studio Solution File, Format Version 12.00
# Visual Studio Version 16
VisualStudioVersion = 16.0.29503.13
MinimumVisualStudioVersion = 10.0.40219.1
Project("{8BC9CEB8-8B4A-11D0-8D11-00A0C91BC942}") = "1", "1\1.vcxproj", "{7B5BB097-121C-4FD6-8686-92906A407DAB}"
EndProject
Project("{8BC9CEB8-8B4A-11D0-8D11-00A0C91BC942}") = "2", "2\2.vcxproj", "{D78EA028-3276-40E3-B370-4428DB0300A3}"
EndProject
Project("{8BC9CEB8-8B4A-11D0-8D11-00A0C91BC942}") = "3", "3\3.vcxproj", "{2EB68D29-1246-470D-90D0-DEFABED52840}"
EndProject
Project("{8BC9CEB8-8B4A-11D0-8D11-00A0C91BC942}") = "4", "4\4.vcxproj", "{ADC76287-C6A3-460C-9D24-FC24BE19F483}"
EndProject
Project("{8BC9CEB8-8B4A-11D0-8D11-00A0C91BC942}") = "5", "5\5.vcxproj", "{C93DCAE8-8593-4B6F-8893-2C83F39BA51E}"
EndProject
Project("{8BC9CEB8-8B4A-11D0-8D11-00A0C91BC942}") = "6", "6\6.vcxproj", "{D2AF24BC-F0ED-4B21-A0F6-ED07A464915A}"
EndProject
Project("{8BC9CEB8-8B4A-11D0-8D11-00A0C91BC942}") = "7", "7\7.vcxproj", "{C067224C-4D7D-401E-866F-6D3F0FFA9448}"
EndProject
Project("{8BC9CEB8-8B4A-11D0-8D11-00A0C91BC942}") = "8", "8\8.vcxproj", "{F2C57DFB-1509-4285-A1C3-E4D040447F2D}"
EndProject
Global
	GlobalSection(SolutionConfigurationPlatforms) = preSolution
		Debug|x64 = Debug|x64
		Debug|x86 = Debug|x86
		Release|x64 = Release|x64
		Release|x86 = Release|x86
	EndGlobalSection
	GlobalSection(ProjectConfigurationPlatforms) = postSolution
		{7B5BB097-121C-4FD6-8686-92906A407DAB}.Debug|x64.ActiveCfg = Debug|x64
		{7B5BB097-121C-4FD6-8686-92906A407DAB}.Debug|x64.Build.0 = Debug|x64
		{7B5BB097-121C-4FD6-8686-92906A407DAB}.Debug|x86.ActiveCfg = Debug|Win32
		{7B5BB097-121C-4FD6-8686-92906A407DAB}.Debug|x86.Build.0 = Debug|Win32
		{7B5BB097-121C-4FD6-8686-92906A407DAB}.Release|x64.ActiveCfg = Release|x64
		{7B5BB097-121C-4FD6-8686-92906A407DAB}.Release|x64.Build.0 = Release|x64
		{7B5BB097-121C-4FD6-8686-92906A407DAB}.Release|x86.ActiveCfg = Release|Win32
		{7B5BB097-121C-4FD6-8686-92906A407DAB}.Release|x86.Build.0 = Release|Win32
		{D78EA028-3276-40E3-B370-4428DB0300A3}.Debug|x64.ActiveCfg = Debug|x64
		{D78EA028-3276-40E3-B370-4428DB0300A3}.Debug|x64.Build.0 = Debug|x64
		{D78EA028-3276-40E3-B370-4428DB0300A3}.Debug|x86.ActiveCfg = Debug|Win32
		{D78EA028-3276-40E3-B370-4428DB0300A3}.Debug|x86.Build.0 = Debug|Win32
		{D78EA028-3276-40E3-B370-4428DB0300A3}.Release|x64.ActiveCfg = Release|x64
		{D78EA028-3276-40E3-B370-4428DB0300A3}.Release|x64.Build.0 = Release|x64
		{D78EA028-3276-40E3-B370-4428DB0300A3}.Release|x86.ActiveCfg = Release|Win32
		{D78EA028-3276-40E3-B370-4428DB0300A3}.Release|x86.Build.0 = Release|Win32
		{2EB68D29-1246-470D-90D0-DEFABED52840}.Debug|x64.ActiveCfg = Debug|x64
		{2EB68D29-1246-470D-90D0-DEFABED52840}.Debug|x64.Build.0 = Debug|x64
		{2EB68D29-1246-470D-90D0-DEFABED52840}.Debug|x86.ActiveCfg = Debug|Win32
		{2EB68D29-1246-470D-90D0-DEFABED52840}.Debug|x86.Build.0 = Debug|Win32
		{2EB68D29-1246-470D-90D0-DEFABED52840}.Release|x64.ActiveCfg = Release|x64
		{2EB68D29-1246-470D-90D0-DEFABED52840}.Release|x64.Build.0 = Release|x64
		{2EB68D29-1246-470D-90D0-DEFABED52840}.Release|x86.ActiveCfg = Release|Win32
		{2EB68D29-1246-470D-90D0-DEFABED52840}.Release|x86.Build.0 = Release|Win32
		{ADC76287-C6A3-460C-9D24-FC24BE19F483}.Debug|x64.ActiveCfg = Debug|x64
		{ADC76287-C6A3-460C-9D24-FC24BE19F483}.Debug|x64.Build.0 = Debug|x64
		{ADC76287-C6A3-460C-9D24-FC24BE19F483}.Debug|x86.ActiveCfg = Debug|Win32
		{ADC76287-C6A3-460C-9D24-FC24BE19F483}.Debug|x86.Build.0 = Debug|Win32
		{ADC76287-C6A3-460C-9D24-FC24BE19F483}.Release|x64.ActiveCfg = Release|x64
		{ADC76287-C6A3-460C-9D24-FC24BE19F483}.Release|x64.Build.0 = Release|x64
		{ADC76287-C6A3-460C-9D24-FC24BE19F483}.Release|x86.ActiveCfg = Release|Win32
		{ADC76287-C6A3-460C-9D24-FC24BE19F483}.Release|x86.Build.0 = Release|Win32
		{C93DCAE8-8593-4B6F-8893-2C83F39BA51E}.Debug|x64.ActiveCfg = Debug|x64
		{C93DCAE8-8593-4B6F-8893-2C83F39BA51E}.Debug|x64.Build.0 = Debug|x64
		{C93DCAE8-8593-4B6F-8893-2C83F39BA51E}.Debug|x86.ActiveCfg = Debug|Win32
		{C93DCAE8-8593-4B6F-8893-2C83F39BA51E}.Debug|x86.Build.0 = Debug|Win32
		{C93DCAE8-8593-4B6F-8893-2C83F39BA51E}.Release|x64.ActiveCfg = Release|x64
		{C93DCAE8-8593-4B6F-8893-2C83F39BA51E}.Release|x64.Build.0 = Release|x64
		{C93DCAE8-8593-4B6F-8893-2C83F39BA51E}.Release|x86.ActiveCfg = Release|Win32
		{C93DCAE8-8593-4B6F-8893-2C83F39BA51E}.Release|x86.Build.0 = Release|Win32
		{D2AF24BC-F0ED-4B21-A0F6-ED07A464915A}.Debug|x64.ActiveCfg = Debug|x64
		{D2AF24BC-F0ED-4B21-A0F6-ED07A464915A}.Debug|x64.Build.0 = Debug|x64
		{D2AF24BC-F0ED-4B21-A0F6-ED07A464915A}.Debug|x86.ActiveCfg = Debug|Win32
		{D2AF24BC-F0ED-4B21-A0F6-ED07A464915A}.Debug|x86.Build.0 = Debug|Win32
		{D2AF24BC-F0ED-4B21-A0F6-ED07A464915A}.Release|x64.ActiveCfg = Release|x64
		{D2AF24BC-F0ED-4B21-A0F6-ED07A464915A}.Release|x64.Build.0 = Release|x64
		{D2AF24BC-F0ED-4B21-A0F6-ED07A464915A}.Release|x86.ActiveCfg = Release|Win32
		{D2AF24BC-F0ED-4B21-A0F6-ED07A464915A}.Release|x86.Build.0 = Release|Win32
		{C067224C-4D7D-401E-866F-6D3F0FFA9448}.Debug|x64.ActiveCfg = Debug|x64
		{C067224C-4D7D-401E-866F-6D3F0FFA9448}.Debug|x64.Build.0 = Debug|x64
		{C067224C-4D7D-401E-866F-6D3F0FFA9448}.Debug|x86.ActiveCfg = Debug|Win32
		{C067224C-4D7D-401E-866F-6D3F0FFA9448}.Debug|x86.Build.0 = Debug|Win32
		{C067224C-4D7D-401E-866F-6D3F0FFA9448}.Release|x64.ActiveCfg = Release|x64
		{C067224C-4D7D-401E-866F-6D3F0FFA9448}.Release|x64.Build.0 = Release|x64
		{C067224C-4D7D-401E-866F-6D3F0FFA9448}.Release|x86.ActiveCfg = Release|Win32
		{C067224C-4D7D-401E-866F-6D3F0FFA9448}.Release|x86.Build.0 = Release|Win32
		{F2C57DFB-1509-4285-A1C3-E4D040447F2D}.Debug|x64.ActiveCfg = Debug|x64
		{F2C57DFB-1509-4285-A1C3-E4D040447F2D}.Debug|x64.Build.0 = Debug|x64
		{F2C57DFB-1509-4285-A1C3-E4D040447F2D}.Debug|x86.ActiveCfg = Debug|Win32
		{F2C57DFB-1509-4285-A1C3-E4D040447F2D}.Debug|x86.Build.0 = Debug|Win32
		{F2C57DFB-1509-4285-A1C3-E4D040447F2D}.Release|x64.ActiveCfg = Release|x64
		{F2C57DFB-1509-4285-A1C3-E4D040447F2D}.Release|x64.Build.0 = Release|x64
		{F2C57DFB-1509-4285-A1C3-E4D040447F2D}.Release|x86.ActiveCfg = Release|Win32
		{F2C57DFB-1509-4285-A1C3-E4D040447F2D}.Release|x86.Build.0 = Release|Win32
	EndGlobalSection
	GlobalSection(SolutionProperties) = preSolution
		HideSolutionNode = FALSE
	EndGlobalSection
	GlobalSection(ExtensibilityGlobals) = postSolution
		SolutionGuid = {EC08E147-B3B4-4A91-9173-C1E40D47D10B}
	EndGlobalSection
EndGlobal
